
Microsoft Visual Studio Solution File, Format Version 12.00
Project("{FAE04EC0-301F-11D3-BF4B-00C04F79EFBC}") = "DeliveryTracking.Domain.Model", "DeliveryTracking.Domain.Model\DeliveryTracking.Domain.Model.csproj", "{EB2BB19D-5B7A-4B61-BE13-EFC900DFDE99}"
EndProject
Project("{FAE04EC0-301F-11D3-BF4B-00C04F79EFBC}") = "DeliveryTracking.UnitTests", "DeliveryTracking.UnitTests\DeliveryTracking.UnitTests.csproj", "{1FCFEAA2-FC06-44C5-BE4C-7B67AB23A601}"
EndProject
Project("{FAE04EC0-301F-11D3-BF4B-00C04F79EFBC}") = "DeliveryTracking.Infrastructure", "DeliveryTracking.Infrastructure\DeliveryTracking.Infrastructure.csproj", "{CBFEC6AE-67A1-4B3C-832E-C9B08E2D7F87}"
EndProject
Project("{FAE04EC0-301F-11D3-BF4B-00C04F79EFBC}") = "DeliveryTraking.Api", "DeliveryTraking.Api\DeliveryTraking.Api.csproj", "{4B8EC64F-FB1C-4AA4-96DA-C8635B2477D7}"
EndProject
Global
	GlobalSection(SolutionConfigurationPlatforms) = preSolution
		Debug|Any CPU = Debug|Any CPU
		Release|Any CPU = Release|Any CPU
	EndGlobalSection
	GlobalSection(ProjectConfigurationPlatforms) = postSolution
		{EB2BB19D-5B7A-4B61-BE13-EFC900DFDE99}.Debug|Any CPU.ActiveCfg = Debug|Any CPU
		{EB2BB19D-5B7A-4B61-BE13-EFC900DFDE99}.Debug|Any CPU.Build.0 = Debug|Any CPU
		{EB2BB19D-5B7A-4B61-BE13-EFC900DFDE99}.Release|Any CPU.ActiveCfg = Release|Any CPU
		{EB2BB19D-5B7A-4B61-BE13-EFC900DFDE99}.Release|Any CPU.Build.0 = Release|Any CPU
		{1FCFEAA2-FC06-44C5-BE4C-7B67AB23A601}.Debug|Any CPU.ActiveCfg = Debug|Any CPU
		{1FCFEAA2-FC06-44C5-BE4C-7B67AB23A601}.Debug|Any CPU.Build.0 = Debug|Any CPU
		{1FCFEAA2-FC06-44C5-BE4C-7B67AB23A601}.Release|Any CPU.ActiveCfg = Release|Any CPU
		{1FCFEAA2-FC06-44C5-BE4C-7B67AB23A601}.Release|Any CPU.Build.0 = Release|Any CPU
		{CBFEC6AE-67A1-4B3C-832E-C9B08E2D7F87}.Debug|Any CPU.ActiveCfg = Debug|Any CPU
		{CBFEC6AE-67A1-4B3C-832E-C9B08E2D7F87}.Debug|Any CPU.Build.0 = Debug|Any CPU
		{CBFEC6AE-67A1-4B3C-832E-C9B08E2D7F87}.Release|Any CPU.ActiveCfg = Release|Any CPU
		{CBFEC6AE-67A1-4B3C-832E-C9B08E2D7F87}.Release|Any CPU.Build.0 = Release|Any CPU
		{4B8EC64F-FB1C-4AA4-96DA-C8635B2477D7}.Debug|Any CPU.ActiveCfg = Debug|Any CPU
		{4B8EC64F-FB1C-4AA4-96DA-C8635B2477D7}.Debug|Any CPU.Build.0 = Debug|Any CPU
		{4B8EC64F-FB1C-4AA4-96DA-C8635B2477D7}.Release|Any CPU.ActiveCfg = Release|Any CPU
		{4B8EC64F-FB1C-4AA4-96DA-C8635B2477D7}.Release|Any CPU.Build.0 = Release|Any CPU
	EndGlobalSection
EndGlobal
